// !$*UTF8*$!
{
	archiveVersion = 1;
	classes = {
	};
	objectVersion = 51;
	objects = {

/* Begin PBXBuildFile section */
		3302E1202527149F00BF8EEE /* ThemesViewController.swift in Sources */ = {isa = PBXBuildFile; fileRef = 3302E11F2527149F00BF8EEE /* ThemesViewController.swift */; };
		3302E123252714C700BF8EEE /* ThemesView.swift in Sources */ = {isa = PBXBuildFile; fileRef = 3302E122252714C700BF8EEE /* ThemesView.swift */; };
		3302E1272527168E00BF8EEE /* ThemeButton.swift in Sources */ = {isa = PBXBuildFile; fileRef = 3302E1262527168E00BF8EEE /* ThemeButton.swift */; };
		3309F7872517CA52004C6015 /* Localizable.strings in Resources */ = {isa = PBXBuildFile; fileRef = 3309F7892517CA52004C6015 /* Localizable.strings */; };
		330EFDFE253A0BB20025BF39 /* ChannelModel.swift in Sources */ = {isa = PBXBuildFile; fileRef = 330EFDFD253A0BB20025BF39 /* ChannelModel.swift */; };
		330EFE02253A0CE00025BF39 /* FirebaseManager.swift in Sources */ = {isa = PBXBuildFile; fileRef = 330EFE01253A0CE00025BF39 /* FirebaseManager.swift */; };
		330EFE05253A0DFB0025BF39 /* MessageModel.swift in Sources */ = {isa = PBXBuildFile; fileRef = 330EFE04253A0DFB0025BF39 /* MessageModel.swift */; };
		331273222555815300CC201B /* AccessResult.swift in Sources */ = {isa = PBXBuildFile; fileRef = 331273212555815300CC201B /* AccessResult.swift */; };
		331EC649250BB9470084E89C /* AppDelegate.swift in Sources */ = {isa = PBXBuildFile; fileRef = 331EC648250BB9470084E89C /* AppDelegate.swift */; };
		331EC655250BB94B0084E89C /* LaunchScreen.storyboard in Resources */ = {isa = PBXBuildFile; fileRef = 331EC653250BB94B0084E89C /* LaunchScreen.storyboard */; };
		331EC65F250BBDB30084E89C /* .gitignore in Resources */ = {isa = PBXBuildFile; fileRef = 331EC65E250BBDB30084E89C /* .gitignore */; };
		331EC664250BC13A0084E89C /* .swiftlint.yml in Resources */ = {isa = PBXBuildFile; fileRef = 331EC663250BC13A0084E89C /* .swiftlint.yml */; };
		331F7D612520AD07005E7666 /* MessageCellModel.swift in Sources */ = {isa = PBXBuildFile; fileRef = 331F7D602520AD07005E7666 /* MessageCellModel.swift */; };
		3324CE002555777800AC89E0 /* ConversationsListViewControllerDelegates.swift in Sources */ = {isa = PBXBuildFile; fileRef = 3324CDFF2555777800AC89E0 /* ConversationsListViewControllerDelegates.swift */; };
		3324CE032555785900AC89E0 /* ConversationViewControllerDelegates.swift in Sources */ = {isa = PBXBuildFile; fileRef = 3324CE022555785900AC89E0 /* ConversationViewControllerDelegates.swift */; };
		3324CE06255579F800AC89E0 /* ServicesAssembly.swift in Sources */ = {isa = PBXBuildFile; fileRef = 3324CE05255579F800AC89E0 /* ServicesAssembly.swift */; };
		3324CE0A25557A0C00AC89E0 /* CoreAssembly.swift in Sources */ = {isa = PBXBuildFile; fileRef = 3324CE0925557A0C00AC89E0 /* CoreAssembly.swift */; };
		3324CE0D25557A3E00AC89E0 /* PresentationAssembly.swift in Sources */ = {isa = PBXBuildFile; fileRef = 3324CE0C25557A3E00AC89E0 /* PresentationAssembly.swift */; };
		3326555D251F570F00C16D5E /* ConversationTableViewCell.swift in Sources */ = {isa = PBXBuildFile; fileRef = 3326555C251F570F00C16D5E /* ConversationTableViewCell.swift */; };
		33265561251F576700C16D5E /* Identifiers.swift in Sources */ = {isa = PBXBuildFile; fileRef = 33265560251F576700C16D5E /* Identifiers.swift */; };
		33265565251F5A8600C16D5E /* ConfigurableView.swift in Sources */ = {isa = PBXBuildFile; fileRef = 33265564251F5A8600C16D5E /* ConfigurableView.swift */; };
		3326556A251F5B1F00C16D5E /* ConversationCellModel.swift in Sources */ = {isa = PBXBuildFile; fileRef = 33265569251F5B1F00C16D5E /* ConversationCellModel.swift */; };
		3326556E251F63AA00C16D5E /* ConversationsListView.swift in Sources */ = {isa = PBXBuildFile; fileRef = 3326556D251F63AA00C16D5E /* ConversationsListView.swift */; };
		33265572251F660800C16D5E /* Images.swift in Sources */ = {isa = PBXBuildFile; fileRef = 33265571251F660800C16D5E /* Images.swift */; };
		33265576251F694A00C16D5E /* UserModel.swift in Sources */ = {isa = PBXBuildFile; fileRef = 33265575251F694A00C16D5E /* UserModel.swift */; };
		3326557E251F775300C16D5E /* UIImage.swift in Sources */ = {isa = PBXBuildFile; fileRef = 3326557D251F775300C16D5E /* UIImage.swift */; };
		33265581251F866900C16D5E /* UIBarButtonItem.swift in Sources */ = {isa = PBXBuildFile; fileRef = 33265580251F866900C16D5E /* UIBarButtonItem.swift */; };
		332655932520A27E00C16D5E /* ConversationViewController.swift in Sources */ = {isa = PBXBuildFile; fileRef = 332655922520A27E00C16D5E /* ConversationViewController.swift */; };
		332655982520A2CB00C16D5E /* ConversationView.swift in Sources */ = {isa = PBXBuildFile; fileRef = 332655972520A2CB00C16D5E /* ConversationView.swift */; };
		3326559B2520A3ED00C16D5E /* IncomingMessageTableViewCell.swift in Sources */ = {isa = PBXBuildFile; fileRef = 3326559A2520A3ED00C16D5E /* IncomingMessageTableViewCell.swift */; };
		3326559E2520A40400C16D5E /* OutgoingMessageTableViewCell.swift in Sources */ = {isa = PBXBuildFile; fileRef = 3326559D2520A40400C16D5E /* OutgoingMessageTableViewCell.swift */; };
		333AB13925487A5500F99ADB /* InputBarView.swift in Sources */ = {isa = PBXBuildFile; fileRef = 333AB13825487A5500F99ADB /* InputBarView.swift */; };
		334AF3502539F20C001A666B /* GoogleService-Info.plist in Resources */ = {isa = PBXBuildFile; fileRef = 334AF34F2539F20C001A666B /* GoogleService-Info.plist */; };
		335DDC8C2534A28C00004193 /* UserDataService.swift in Sources */ = {isa = PBXBuildFile; fileRef = 335DDC8B2534A28C00004193 /* UserDataService.swift */; };
		335DDC902534C10200004193 /* OperationUserDataService.swift in Sources */ = {isa = PBXBuildFile; fileRef = 335DDC8F2534C10200004193 /* OperationUserDataService.swift */; };
		335E8B4C2517B045005B11EC /* ProfileView.swift in Sources */ = {isa = PBXBuildFile; fileRef = 335E8B4B2517B045005B11EC /* ProfileView.swift */; };
		335FA512255573E70021457E /* RootAssembly.swift in Sources */ = {isa = PBXBuildFile; fileRef = 335FA511255573E70021457E /* RootAssembly.swift */; };
		3373ED7B25273D92001EDE7E /* ThemeModel.swift in Sources */ = {isa = PBXBuildFile; fileRef = 3373ED7A25273D92001EDE7E /* ThemeModel.swift */; };
		3373ED8225275D4D001EDE7E /* UIColor.swift in Sources */ = {isa = PBXBuildFile; fileRef = 3373ED8125275D4D001EDE7E /* UIColor.swift */; };
		3373ED8525276830001EDE7E /* ThemesService.swift in Sources */ = {isa = PBXBuildFile; fileRef = 3373ED8425276830001EDE7E /* ThemesService.swift */; };
		337DC2582545861400FB49C8 /* CoreDataStack.swift in Sources */ = {isa = PBXBuildFile; fileRef = 337DC2572545861400FB49C8 /* CoreDataStack.swift */; };
		337DC25A2545927E00FB49C8 /* ObjectsExtensions.swift in Sources */ = {isa = PBXBuildFile; fileRef = 337DC2592545927E00FB49C8 /* ObjectsExtensions.swift */; };
		337DC25C2545958900FB49C8 /* CoreDataService.swift in Sources */ = {isa = PBXBuildFile; fileRef = 337DC25B2545958900FB49C8 /* CoreDataService.swift */; };
		33873128254C1F65000C14D2 /* NilsLastSortDescriptor.swift in Sources */ = {isa = PBXBuildFile; fileRef = 33873127254C1F65000C14D2 /* NilsLastSortDescriptor.swift */; };
		339B6900250D024000578B7E /* Assets.xcassets in Resources */ = {isa = PBXBuildFile; fileRef = 339B68FF250D024000578B7E /* Assets.xcassets */; };
		33B08EB02555848D009CAB56 /* FirebaseService.swift in Sources */ = {isa = PBXBuildFile; fileRef = 33B08EAF2555848D009CAB56 /* FirebaseService.swift */; };
		33B08EB725558B43009CAB56 /* FileManager.swift in Sources */ = {isa = PBXBuildFile; fileRef = 33B08EB625558B43009CAB56 /* FileManager.swift */; };
		33C1A1DD2516134200531116 /* UIAlertController.swift in Sources */ = {isa = PBXBuildFile; fileRef = 33C1A1DC2516134200531116 /* UIAlertController.swift */; };
		33E9B3422533483C0061CABC /* GCDUserDataService.swift in Sources */ = {isa = PBXBuildFile; fileRef = 33E9B3412533483C0061CABC /* GCDUserDataService.swift */; };
		33E9B3452533488A0061CABC /* UserDataProtocol.swift in Sources */ = {isa = PBXBuildFile; fileRef = 33E9B3442533488A0061CABC /* UserDataProtocol.swift */; };
		33E9B34825334BCD0061CABC /* SaveButton.swift in Sources */ = {isa = PBXBuildFile; fileRef = 33E9B34725334BCD0061CABC /* SaveButton.swift */; };
		33E9B34B253353D40061CABC /* UIViewController.swift in Sources */ = {isa = PBXBuildFile; fileRef = 33E9B34A253353D40061CABC /* UIViewController.swift */; };
		33E9B35625336B920061CABC /* Result.swift in Sources */ = {isa = PBXBuildFile; fileRef = 33E9B35525336B920061CABC /* Result.swift */; };
		33E9F8322515069D005A6EB8 /* ProfileViewController.swift in Sources */ = {isa = PBXBuildFile; fileRef = 33E9F8312515069D005A6EB8 /* ProfileViewController.swift */; };
		33E9F84025152BF0005A6EB8 /* AccessCheckerService.swift in Sources */ = {isa = PBXBuildFile; fileRef = 33E9F83F25152BF0005A6EB8 /* AccessCheckerService.swift */; };
		33EA4467251E011400DA3401 /* ConversationsListViewController.swift in Sources */ = {isa = PBXBuildFile; fileRef = 33EA4466251E011400DA3401 /* ConversationsListViewController.swift */; };
		33EA446F251E016600DA3401 /* LoggerService.swift in Sources */ = {isa = PBXBuildFile; fileRef = 33EA446E251E016600DA3401 /* LoggerService.swift */; };
		33EDF6FB2545829400C1660B /* Chat.xcdatamodeld in Sources */ = {isa = PBXBuildFile; fileRef = 33EDF6F92545829400C1660B /* Chat.xcdatamodeld */; };
		33F45EFB25187AEC0018F1E4 /* Roboto-Regular.ttf in Resources */ = {isa = PBXBuildFile; fileRef = 33F45EFA25187AEC0018F1E4 /* Roboto-Regular.ttf */; };
		33F4648C252324E300ACA297 /* UIView.swift in Sources */ = {isa = PBXBuildFile; fileRef = 33F4648B252324E300ACA297 /* UIView.swift */; };
		3C28A1216F32E5B277C60D40 /* Pods_chatterbox.framework in Frameworks */ = {isa = PBXBuildFile; fileRef = FB96F25D9967016761BD20CF /* Pods_chatterbox.framework */; };
/* End PBXBuildFile section */

/* Begin PBXFileReference section */
		322273BCF0DE40F0D8889461 /* Pods-chatterbox.debug.xcconfig */ = {isa = PBXFileReference; includeInIndex = 1; lastKnownFileType = text.xcconfig; name = "Pods-chatterbox.debug.xcconfig"; path = "Target Support Files/Pods-chatterbox/Pods-chatterbox.debug.xcconfig"; sourceTree = "<group>"; };
		3302E11F2527149F00BF8EEE /* ThemesViewController.swift */ = {isa = PBXFileReference; lastKnownFileType = sourcecode.swift; path = ThemesViewController.swift; sourceTree = "<group>"; };
		3302E122252714C700BF8EEE /* ThemesView.swift */ = {isa = PBXFileReference; lastKnownFileType = sourcecode.swift; path = ThemesView.swift; sourceTree = "<group>"; };
		3302E1262527168E00BF8EEE /* ThemeButton.swift */ = {isa = PBXFileReference; lastKnownFileType = sourcecode.swift; path = ThemeButton.swift; sourceTree = "<group>"; };
		3309F7882517CA52004C6015 /* en */ = {isa = PBXFileReference; lastKnownFileType = text.plist.strings; name = en; path = en.lproj/Localizable.strings; sourceTree = "<group>"; };
		3309F78C2517CA70004C6015 /* ru */ = {isa = PBXFileReference; lastKnownFileType = text.plist.strings; name = ru; path = ru.lproj/Localizable.strings; sourceTree = "<group>"; };
		330EFDFD253A0BB20025BF39 /* ChannelModel.swift */ = {isa = PBXFileReference; lastKnownFileType = sourcecode.swift; path = ChannelModel.swift; sourceTree = "<group>"; };
		330EFE01253A0CE00025BF39 /* FirebaseManager.swift */ = {isa = PBXFileReference; lastKnownFileType = sourcecode.swift; path = FirebaseManager.swift; sourceTree = "<group>"; };
		330EFE04253A0DFB0025BF39 /* MessageModel.swift */ = {isa = PBXFileReference; lastKnownFileType = sourcecode.swift; path = MessageModel.swift; sourceTree = "<group>"; };
		331273212555815300CC201B /* AccessResult.swift */ = {isa = PBXFileReference; lastKnownFileType = sourcecode.swift; path = AccessResult.swift; sourceTree = "<group>"; };
		331EC645250BB9470084E89C /* chatterbox.app */ = {isa = PBXFileReference; explicitFileType = wrapper.application; includeInIndex = 0; path = chatterbox.app; sourceTree = BUILT_PRODUCTS_DIR; };
		331EC648250BB9470084E89C /* AppDelegate.swift */ = {isa = PBXFileReference; lastKnownFileType = sourcecode.swift; path = AppDelegate.swift; sourceTree = "<group>"; };
		331EC654250BB94B0084E89C /* Base */ = {isa = PBXFileReference; lastKnownFileType = file.storyboard; name = Base; path = Base.lproj/LaunchScreen.storyboard; sourceTree = "<group>"; };
		331EC656250BB94B0084E89C /* Info.plist */ = {isa = PBXFileReference; lastKnownFileType = text.plist.xml; path = Info.plist; sourceTree = "<group>"; };
		331EC65E250BBDB30084E89C /* .gitignore */ = {isa = PBXFileReference; fileEncoding = 4; lastKnownFileType = text; path = .gitignore; sourceTree = SOURCE_ROOT; };
		331EC663250BC13A0084E89C /* .swiftlint.yml */ = {isa = PBXFileReference; fileEncoding = 4; lastKnownFileType = text.yaml; path = .swiftlint.yml; sourceTree = SOURCE_ROOT; };
		331F7D602520AD07005E7666 /* MessageCellModel.swift */ = {isa = PBXFileReference; lastKnownFileType = sourcecode.swift; path = MessageCellModel.swift; sourceTree = "<group>"; };
		3324CDFF2555777800AC89E0 /* ConversationsListViewControllerDelegates.swift */ = {isa = PBXFileReference; lastKnownFileType = sourcecode.swift; path = ConversationsListViewControllerDelegates.swift; sourceTree = "<group>"; };
		3324CE022555785900AC89E0 /* ConversationViewControllerDelegates.swift */ = {isa = PBXFileReference; lastKnownFileType = sourcecode.swift; path = ConversationViewControllerDelegates.swift; sourceTree = "<group>"; };
		3324CE05255579F800AC89E0 /* ServicesAssembly.swift */ = {isa = PBXFileReference; lastKnownFileType = sourcecode.swift; path = ServicesAssembly.swift; sourceTree = "<group>"; };
		3324CE0925557A0C00AC89E0 /* CoreAssembly.swift */ = {isa = PBXFileReference; lastKnownFileType = sourcecode.swift; path = CoreAssembly.swift; sourceTree = "<group>"; };
		3324CE0C25557A3E00AC89E0 /* PresentationAssembly.swift */ = {isa = PBXFileReference; lastKnownFileType = sourcecode.swift; path = PresentationAssembly.swift; sourceTree = "<group>"; };
		3326555C251F570F00C16D5E /* ConversationTableViewCell.swift */ = {isa = PBXFileReference; lastKnownFileType = sourcecode.swift; path = ConversationTableViewCell.swift; sourceTree = "<group>"; };
		33265560251F576700C16D5E /* Identifiers.swift */ = {isa = PBXFileReference; lastKnownFileType = sourcecode.swift; path = Identifiers.swift; sourceTree = "<group>"; };
		33265564251F5A8600C16D5E /* ConfigurableView.swift */ = {isa = PBXFileReference; lastKnownFileType = sourcecode.swift; path = ConfigurableView.swift; sourceTree = "<group>"; };
		33265569251F5B1F00C16D5E /* ConversationCellModel.swift */ = {isa = PBXFileReference; lastKnownFileType = sourcecode.swift; path = ConversationCellModel.swift; sourceTree = "<group>"; };
		3326556D251F63AA00C16D5E /* ConversationsListView.swift */ = {isa = PBXFileReference; lastKnownFileType = sourcecode.swift; path = ConversationsListView.swift; sourceTree = "<group>"; };
		33265571251F660800C16D5E /* Images.swift */ = {isa = PBXFileReference; lastKnownFileType = sourcecode.swift; path = Images.swift; sourceTree = "<group>"; };
		33265575251F694A00C16D5E /* UserModel.swift */ = {isa = PBXFileReference; lastKnownFileType = sourcecode.swift; path = UserModel.swift; sourceTree = "<group>"; };
		3326557D251F775300C16D5E /* UIImage.swift */ = {isa = PBXFileReference; lastKnownFileType = sourcecode.swift; path = UIImage.swift; sourceTree = "<group>"; };
		33265580251F866900C16D5E /* UIBarButtonItem.swift */ = {isa = PBXFileReference; lastKnownFileType = sourcecode.swift; path = UIBarButtonItem.swift; sourceTree = "<group>"; };
		332655922520A27E00C16D5E /* ConversationViewController.swift */ = {isa = PBXFileReference; lastKnownFileType = sourcecode.swift; path = ConversationViewController.swift; sourceTree = "<group>"; };
		332655972520A2CB00C16D5E /* ConversationView.swift */ = {isa = PBXFileReference; lastKnownFileType = sourcecode.swift; path = ConversationView.swift; sourceTree = "<group>"; };
		3326559A2520A3ED00C16D5E /* IncomingMessageTableViewCell.swift */ = {isa = PBXFileReference; lastKnownFileType = sourcecode.swift; path = IncomingMessageTableViewCell.swift; sourceTree = "<group>"; };
		3326559D2520A40400C16D5E /* OutgoingMessageTableViewCell.swift */ = {isa = PBXFileReference; lastKnownFileType = sourcecode.swift; path = OutgoingMessageTableViewCell.swift; sourceTree = "<group>"; };
		333AB13825487A5500F99ADB /* InputBarView.swift */ = {isa = PBXFileReference; lastKnownFileType = sourcecode.swift; path = InputBarView.swift; sourceTree = "<group>"; };
		334AF34F2539F20C001A666B /* GoogleService-Info.plist */ = {isa = PBXFileReference; fileEncoding = 4; lastKnownFileType = text.plist.xml; path = "GoogleService-Info.plist"; sourceTree = "<group>"; };
		335DDC8B2534A28C00004193 /* UserDataService.swift */ = {isa = PBXFileReference; fileEncoding = 4; lastKnownFileType = sourcecode.swift; path = UserDataService.swift; sourceTree = "<group>"; };
		335DDC8F2534C10200004193 /* OperationUserDataService.swift */ = {isa = PBXFileReference; lastKnownFileType = sourcecode.swift; path = OperationUserDataService.swift; sourceTree = "<group>"; };
		335E8B4B2517B045005B11EC /* ProfileView.swift */ = {isa = PBXFileReference; lastKnownFileType = sourcecode.swift; path = ProfileView.swift; sourceTree = "<group>"; };
		335FA511255573E70021457E /* RootAssembly.swift */ = {isa = PBXFileReference; lastKnownFileType = sourcecode.swift; path = RootAssembly.swift; sourceTree = "<group>"; };
		3373ED7A25273D92001EDE7E /* ThemeModel.swift */ = {isa = PBXFileReference; lastKnownFileType = sourcecode.swift; path = ThemeModel.swift; sourceTree = "<group>"; };
		3373ED8125275D4D001EDE7E /* UIColor.swift */ = {isa = PBXFileReference; fileEncoding = 4; lastKnownFileType = sourcecode.swift; path = UIColor.swift; sourceTree = "<group>"; };
		3373ED8425276830001EDE7E /* ThemesService.swift */ = {isa = PBXFileReference; lastKnownFileType = sourcecode.swift; path = ThemesService.swift; sourceTree = "<group>"; };
		337DC2572545861400FB49C8 /* CoreDataStack.swift */ = {isa = PBXFileReference; lastKnownFileType = sourcecode.swift; path = CoreDataStack.swift; sourceTree = "<group>"; };
		337DC2592545927E00FB49C8 /* ObjectsExtensions.swift */ = {isa = PBXFileReference; lastKnownFileType = sourcecode.swift; path = ObjectsExtensions.swift; sourceTree = "<group>"; };
		337DC25B2545958900FB49C8 /* CoreDataService.swift */ = {isa = PBXFileReference; lastKnownFileType = sourcecode.swift; path = CoreDataService.swift; sourceTree = "<group>"; };
		33873127254C1F65000C14D2 /* NilsLastSortDescriptor.swift */ = {isa = PBXFileReference; lastKnownFileType = sourcecode.swift; path = NilsLastSortDescriptor.swift; sourceTree = "<group>"; };
		339B68FF250D024000578B7E /* Assets.xcassets */ = {isa = PBXFileReference; lastKnownFileType = folder.assetcatalog; path = Assets.xcassets; sourceTree = "<group>"; };
		33B08EAF2555848D009CAB56 /* FirebaseService.swift */ = {isa = PBXFileReference; lastKnownFileType = sourcecode.swift; path = FirebaseService.swift; sourceTree = "<group>"; };
		33B08EB625558B43009CAB56 /* FileManager.swift */ = {isa = PBXFileReference; lastKnownFileType = sourcecode.swift; path = FileManager.swift; sourceTree = "<group>"; };
		33C1A1DC2516134200531116 /* UIAlertController.swift */ = {isa = PBXFileReference; lastKnownFileType = sourcecode.swift; path = UIAlertController.swift; sourceTree = "<group>"; };
		33E9B3412533483C0061CABC /* GCDUserDataService.swift */ = {isa = PBXFileReference; lastKnownFileType = sourcecode.swift; path = GCDUserDataService.swift; sourceTree = "<group>"; };
		33E9B3442533488A0061CABC /* UserDataProtocol.swift */ = {isa = PBXFileReference; lastKnownFileType = sourcecode.swift; path = UserDataProtocol.swift; sourceTree = "<group>"; };
		33E9B34725334BCD0061CABC /* SaveButton.swift */ = {isa = PBXFileReference; lastKnownFileType = sourcecode.swift; path = SaveButton.swift; sourceTree = "<group>"; };
		33E9B34A253353D40061CABC /* UIViewController.swift */ = {isa = PBXFileReference; lastKnownFileType = sourcecode.swift; path = UIViewController.swift; sourceTree = "<group>"; };
		33E9B35525336B920061CABC /* Result.swift */ = {isa = PBXFileReference; lastKnownFileType = sourcecode.swift; path = Result.swift; sourceTree = "<group>"; };
		33E9F8312515069D005A6EB8 /* ProfileViewController.swift */ = {isa = PBXFileReference; lastKnownFileType = sourcecode.swift; path = ProfileViewController.swift; sourceTree = "<group>"; };
		33E9F83F25152BF0005A6EB8 /* AccessCheckerService.swift */ = {isa = PBXFileReference; lastKnownFileType = sourcecode.swift; path = AccessCheckerService.swift; sourceTree = "<group>"; };
		33EA4466251E011400DA3401 /* ConversationsListViewController.swift */ = {isa = PBXFileReference; lastKnownFileType = sourcecode.swift; path = ConversationsListViewController.swift; sourceTree = "<group>"; };
		33EA446E251E016600DA3401 /* LoggerService.swift */ = {isa = PBXFileReference; lastKnownFileType = sourcecode.swift; path = LoggerService.swift; sourceTree = "<group>"; };
		33EDF6FA2545829400C1660B /* Chat.xcdatamodel */ = {isa = PBXFileReference; lastKnownFileType = wrapper.xcdatamodel; path = Chat.xcdatamodel; sourceTree = "<group>"; };
		33F45EFA25187AEC0018F1E4 /* Roboto-Regular.ttf */ = {isa = PBXFileReference; lastKnownFileType = file; path = "Roboto-Regular.ttf"; sourceTree = "<group>"; };
		33F4648B252324E300ACA297 /* UIView.swift */ = {isa = PBXFileReference; lastKnownFileType = sourcecode.swift; path = UIView.swift; sourceTree = "<group>"; };
		9D2F2229F47041E821CB446B /* Pods-chatterbox.release.xcconfig */ = {isa = PBXFileReference; includeInIndex = 1; lastKnownFileType = text.xcconfig; name = "Pods-chatterbox.release.xcconfig"; path = "Target Support Files/Pods-chatterbox/Pods-chatterbox.release.xcconfig"; sourceTree = "<group>"; };
		FB96F25D9967016761BD20CF /* Pods_chatterbox.framework */ = {isa = PBXFileReference; explicitFileType = wrapper.framework; includeInIndex = 0; path = Pods_chatterbox.framework; sourceTree = BUILT_PRODUCTS_DIR; };
/* End PBXFileReference section */

/* Begin PBXFrameworksBuildPhase section */
		331EC642250BB9470084E89C /* Frameworks */ = {
			isa = PBXFrameworksBuildPhase;
			buildActionMask = 2147483647;
			files = (
				3C28A1216F32E5B277C60D40 /* Pods_chatterbox.framework in Frameworks */,
			);
			runOnlyForDeploymentPostprocessing = 0;
		};
/* End PBXFrameworksBuildPhase section */

/* Begin PBXGroup section */
		29521E8E1D1CA7A778141770 /* Pods */ = {
			isa = PBXGroup;
			children = (
				322273BCF0DE40F0D8889461 /* Pods-chatterbox.debug.xcconfig */,
				9D2F2229F47041E821CB446B /* Pods-chatterbox.release.xcconfig */,
			);
			path = Pods;
			sourceTree = "<group>";
		};
		3302E11C2527129400BF8EEE /* Themes */ = {
			isa = PBXGroup;
			children = (
				3373ED7925273D60001EDE7E /* Model */,
				3302E11E252712AD00BF8EEE /* View */,
				3302E11D252712A300BF8EEE /* Controller */,
			);
			path = Themes;
			sourceTree = "<group>";
		};
		3302E11D252712A300BF8EEE /* Controller */ = {
			isa = PBXGroup;
			children = (
				3302E11F2527149F00BF8EEE /* ThemesViewController.swift */,
			);
			path = Controller;
			sourceTree = "<group>";
		};
		3302E11E252712AD00BF8EEE /* View */ = {
			isa = PBXGroup;
			children = (
				3302E122252714C700BF8EEE /* ThemesView.swift */,
				3302E1262527168E00BF8EEE /* ThemeButton.swift */,
			);
			path = View;
			sourceTree = "<group>";
		};
		3312731F25557E4600CC201B /* Permissions */ = {
			isa = PBXGroup;
			children = (
				331273212555815300CC201B /* AccessResult.swift */,
				33E9F83F25152BF0005A6EB8 /* AccessCheckerService.swift */,
			);
			path = Permissions;
			sourceTree = "<group>";
		};
		33127325255581A300CC201B /* Data */ = {
			isa = PBXGroup;
			children = (
				335DDC8B2534A28C00004193 /* UserDataService.swift */,
				33E9B3442533488A0061CABC /* UserDataProtocol.swift */,
				335DDC8F2534C10200004193 /* OperationUserDataService.swift */,
				33E9B3412533483C0061CABC /* GCDUserDataService.swift */,
				337DC25B2545958900FB49C8 /* CoreDataService.swift */,
			);
			path = Data;
			sourceTree = "<group>";
		};
		33127326255581DB00CC201B /* Logger */ = {
			isa = PBXGroup;
			children = (
				33EA446E251E016600DA3401 /* LoggerService.swift */,
			);
			path = Logger;
			sourceTree = "<group>";
		};
		33127327255581EB00CC201B /* Network */ = {
			isa = PBXGroup;
			children = (
				33B08EAF2555848D009CAB56 /* FirebaseService.swift */,
			);
			path = Network;
			sourceTree = "<group>";
		};
		331273282555820500CC201B /* Themes */ = {
			isa = PBXGroup;
			children = (
				3373ED8425276830001EDE7E /* ThemesService.swift */,
			);
			path = Themes;
			sourceTree = "<group>";
		};
		33127329255582BA00CC201B /* Files */ = {
			isa = PBXGroup;
			children = (
				33B08EB625558B43009CAB56 /* FileManager.swift */,
			);
			path = Files;
			sourceTree = "<group>";
		};
		3312732A255583F400CC201B /* Network */ = {
			isa = PBXGroup;
			children = (
				330EFE01253A0CE00025BF39 /* FirebaseManager.swift */,
			);
			path = Network;
			sourceTree = "<group>";
		};
		331EC63C250BB9470084E89C = {
			isa = PBXGroup;
			children = (
				331EC647250BB9470084E89C /* chatterbox */,
				331EC646250BB9470084E89C /* Products */,
				29521E8E1D1CA7A778141770 /* Pods */,
				7F4AE412B715D067EB652BE5 /* Frameworks */,
			);
			sourceTree = "<group>";
		};
		331EC646250BB9470084E89C /* Products */ = {
			isa = PBXGroup;
			children = (
				331EC645250BB9470084E89C /* chatterbox.app */,
			);
			name = Products;
			sourceTree = "<group>";
		};
		331EC647250BB9470084E89C /* chatterbox */ = {
			isa = PBXGroup;
			children = (
				335FA50B255573600021457E /* PresentationLayer */,
				335FA50C255573780021457E /* ServiceLayer */,
				335FA50D255573860021457E /* CoreLayer */,
				33E9F835251506C3005A6EB8 /* Storyboards */,
				335E8B4E2517B0D6005B11EC /* Resources */,
				33265563251F5A6300C16D5E /* Protocols */,
				33C1A1DB2516132A00531116 /* Extensions */,
				331EC65C250BBD5E0084E89C /* Supporting files */,
			);
			path = chatterbox;
			sourceTree = "<group>";
		};
		331EC65C250BBD5E0084E89C /* Supporting files */ = {
			isa = PBXGroup;
			children = (
				335FA511255573E70021457E /* RootAssembly.swift */,
				331EC648250BB9470084E89C /* AppDelegate.swift */,
				331EC656250BB94B0084E89C /* Info.plist */,
				334AF34F2539F20C001A666B /* GoogleService-Info.plist */,
				331EC65E250BBDB30084E89C /* .gitignore */,
				331EC663250BC13A0084E89C /* .swiftlint.yml */,
			);
			path = "Supporting files";
			sourceTree = "<group>";
		};
		33265563251F5A6300C16D5E /* Protocols */ = {
			isa = PBXGroup;
			children = (
				33265564251F5A8600C16D5E /* ConfigurableView.swift */,
			);
			path = Protocols;
			sourceTree = "<group>";
		};
		33265568251F5B0600C16D5E /* Model */ = {
			isa = PBXGroup;
			children = (
				330EFDFD253A0BB20025BF39 /* ChannelModel.swift */,
				33265569251F5B1F00C16D5E /* ConversationCellModel.swift */,
			);
			path = Model;
			sourceTree = "<group>";
		};
		33265574251F691F00C16D5E /* Model */ = {
			isa = PBXGroup;
			children = (
				33265575251F694A00C16D5E /* UserModel.swift */,
				33E9B35525336B920061CABC /* Result.swift */,
			);
			path = Model;
			sourceTree = "<group>";
		};
		3326558E2520A1BC00C16D5E /* Conversation */ = {
			isa = PBXGroup;
			children = (
				332655912520A1E100C16D5E /* Model */,
				332655902520A1DA00C16D5E /* View */,
				3326558F2520A1D200C16D5E /* Controller */,
			);
			path = Conversation;
			sourceTree = "<group>";
		};
		3326558F2520A1D200C16D5E /* Controller */ = {
			isa = PBXGroup;
			children = (
				332655922520A27E00C16D5E /* ConversationViewController.swift */,
				3324CE022555785900AC89E0 /* ConversationViewControllerDelegates.swift */,
			);
			path = Controller;
			sourceTree = "<group>";
		};
		332655902520A1DA00C16D5E /* View */ = {
			isa = PBXGroup;
			children = (
				332655972520A2CB00C16D5E /* ConversationView.swift */,
				333AB13825487A5500F99ADB /* InputBarView.swift */,
				3326559A2520A3ED00C16D5E /* IncomingMessageTableViewCell.swift */,
				3326559D2520A40400C16D5E /* OutgoingMessageTableViewCell.swift */,
			);
			path = View;
			sourceTree = "<group>";
		};
		332655912520A1E100C16D5E /* Model */ = {
			isa = PBXGroup;
			children = (
				330EFE04253A0DFB0025BF39 /* MessageModel.swift */,
				331F7D602520AD07005E7666 /* MessageCellModel.swift */,
			);
			path = Model;
			sourceTree = "<group>";
		};
		335E8B482517B021005B11EC /* Profile */ = {
			isa = PBXGroup;
			children = (
				33265574251F691F00C16D5E /* Model */,
				335E8B4A2517B02F005B11EC /* View */,
				337485B8251E3E8200E3C172 /* Controller */,
			);
			path = Profile;
			sourceTree = "<group>";
		};
		335E8B4A2517B02F005B11EC /* View */ = {
			isa = PBXGroup;
			children = (
				335E8B4B2517B045005B11EC /* ProfileView.swift */,
				33E9B34725334BCD0061CABC /* SaveButton.swift */,
			);
			path = View;
			sourceTree = "<group>";
		};
		335E8B4E2517B0D6005B11EC /* Resources */ = {
			isa = PBXGroup;
			children = (
				33F45EF925187AD70018F1E4 /* Fonts */,
				339B68FF250D024000578B7E /* Assets.xcassets */,
				33265560251F576700C16D5E /* Identifiers.swift */,
				33265571251F660800C16D5E /* Images.swift */,
				3309F7892517CA52004C6015 /* Localizable.strings */,
			);
			path = Resources;
			sourceTree = "<group>";
		};
		335FA50B255573600021457E /* PresentationLayer */ = {
			isa = PBXGroup;
			children = (
				335FA50E255573B90021457E /* Assembly */,
				335FA516255574500021457E /* Modules */,
			);
			path = PresentationLayer;
			sourceTree = "<group>";
		};
		335FA50C255573780021457E /* ServiceLayer */ = {
			isa = PBXGroup;
			children = (
				335FA50F255573CA0021457E /* Assembly */,
				335FA515255574090021457E /* Services */,
			);
			path = ServiceLayer;
			sourceTree = "<group>";
		};
		335FA50D255573860021457E /* CoreLayer */ = {
			isa = PBXGroup;
			children = (
				335FA510255573DA0021457E /* Assembly */,
				3312732A255583F400CC201B /* Network */,
				33127329255582BA00CC201B /* Files */,
				337DC256254585F600FB49C8 /* CoreData */,
			);
			path = CoreLayer;
			sourceTree = "<group>";
		};
		335FA50E255573B90021457E /* Assembly */ = {
			isa = PBXGroup;
			children = (
				3324CE0C25557A3E00AC89E0 /* PresentationAssembly.swift */,
			);
			path = Assembly;
			sourceTree = "<group>";
		};
		335FA50F255573CA0021457E /* Assembly */ = {
			isa = PBXGroup;
			children = (
				3324CE05255579F800AC89E0 /* ServicesAssembly.swift */,
			);
			path = Assembly;
			sourceTree = "<group>";
		};
		335FA510255573DA0021457E /* Assembly */ = {
			isa = PBXGroup;
			children = (
				3324CE0925557A0C00AC89E0 /* CoreAssembly.swift */,
			);
			path = Assembly;
			sourceTree = "<group>";
		};
		335FA515255574090021457E /* Services */ = {
			isa = PBXGroup;
			children = (
				33127325255581A300CC201B /* Data */,
				33127327255581EB00CC201B /* Network */,
				331273282555820500CC201B /* Themes */,
				3312731F25557E4600CC201B /* Permissions */,
				33127326255581DB00CC201B /* Logger */,
			);
			path = Services;
			sourceTree = "<group>";
		};
		335FA516255574500021457E /* Modules */ = {
			isa = PBXGroup;
			children = (
				33EA4463251E00CF00DA3401 /* ConversationsList */,
				3302E11C2527129400BF8EEE /* Themes */,
				3326558E2520A1BC00C16D5E /* Conversation */,
				335E8B482517B021005B11EC /* Profile */,
			);
			path = Modules;
			sourceTree = "<group>";
		};
		3373ED7925273D60001EDE7E /* Model */ = {
			isa = PBXGroup;
			children = (
				3373ED7A25273D92001EDE7E /* ThemeModel.swift */,
			);
			path = Model;
			sourceTree = "<group>";
		};
		337485B8251E3E8200E3C172 /* Controller */ = {
			isa = PBXGroup;
			children = (
				33E9F8312515069D005A6EB8 /* ProfileViewController.swift */,
			);
			path = Controller;
			sourceTree = "<group>";
		};
		337485BA251E3EE200E3C172 /* Controller */ = {
			isa = PBXGroup;
			children = (
				33EA4466251E011400DA3401 /* ConversationsListViewController.swift */,
				3324CDFF2555777800AC89E0 /* ConversationsListViewControllerDelegates.swift */,
			);
			path = Controller;
			sourceTree = "<group>";
		};
		337DC256254585F600FB49C8 /* CoreData */ = {
			isa = PBXGroup;
			children = (
				337DC2572545861400FB49C8 /* CoreDataStack.swift */,
				337DC2592545927E00FB49C8 /* ObjectsExtensions.swift */,
				33873127254C1F65000C14D2 /* NilsLastSortDescriptor.swift */,
				33EDF6F92545829400C1660B /* Chat.xcdatamodeld */,
			);
			path = CoreData;
			sourceTree = "<group>";
		};
		33C1A1DB2516132A00531116 /* Extensions */ = {
			isa = PBXGroup;
			children = (
				33C1A1DC2516134200531116 /* UIAlertController.swift */,
				3326557D251F775300C16D5E /* UIImage.swift */,
				33265580251F866900C16D5E /* UIBarButtonItem.swift */,
				33F4648B252324E300ACA297 /* UIView.swift */,
				3373ED8125275D4D001EDE7E /* UIColor.swift */,
				33E9B34A253353D40061CABC /* UIViewController.swift */,
			);
			path = Extensions;
			sourceTree = "<group>";
		};
		33E9F835251506C3005A6EB8 /* Storyboards */ = {
			isa = PBXGroup;
			children = (
				331EC653250BB94B0084E89C /* LaunchScreen.storyboard */,
			);
			path = Storyboards;
			sourceTree = "<group>";
		};
		33EA4463251E00CF00DA3401 /* ConversationsList */ = {
			isa = PBXGroup;
			children = (
				33265568251F5B0600C16D5E /* Model */,
				33EA4465251E00F500DA3401 /* View */,
				337485BA251E3EE200E3C172 /* Controller */,
			);
			path = ConversationsList;
			sourceTree = "<group>";
		};
		33EA4465251E00F500DA3401 /* View */ = {
			isa = PBXGroup;
			children = (
				3326556D251F63AA00C16D5E /* ConversationsListView.swift */,
				3326555C251F570F00C16D5E /* ConversationTableViewCell.swift */,
			);
			path = View;
			sourceTree = "<group>";
		};
		33F45EF925187AD70018F1E4 /* Fonts */ = {
			isa = PBXGroup;
			children = (
				33F45EFA25187AEC0018F1E4 /* Roboto-Regular.ttf */,
			);
			path = Fonts;
			sourceTree = "<group>";
		};
		7F4AE412B715D067EB652BE5 /* Frameworks */ = {
			isa = PBXGroup;
			children = (
				FB96F25D9967016761BD20CF /* Pods_chatterbox.framework */,
			);
			name = Frameworks;
			sourceTree = "<group>";
		};
/* End PBXGroup section */

/* Begin PBXNativeTarget section */
		331EC644250BB9470084E89C /* chatterbox */ = {
			isa = PBXNativeTarget;
			buildConfigurationList = 331EC659250BB94B0084E89C /* Build configuration list for PBXNativeTarget "chatterbox" */;
			buildPhases = (
				E63898B1758128B9B1AC768F /* [CP] Check Pods Manifest.lock */,
				331EC662250BC0980084E89C /* ShellScript */,
				331EC641250BB9470084E89C /* Sources */,
				331EC642250BB9470084E89C /* Frameworks */,
				331EC643250BB9470084E89C /* Resources */,
				752186997A12CD8256BC7B31 /* [CP] Embed Pods Frameworks */,
			);
			buildRules = (
			);
			dependencies = (
			);
			name = chatterbox;
			productName = chatterbox;
			productReference = 331EC645250BB9470084E89C /* chatterbox.app */;
			productType = "com.apple.product-type.application";
		};
/* End PBXNativeTarget section */

/* Begin PBXProject section */
		331EC63D250BB9470084E89C /* Project object */ = {
			isa = PBXProject;
			attributes = {
				LastSwiftUpdateCheck = 1170;
				LastUpgradeCheck = 1200;
				ORGANIZATIONNAME = "Alexander Lazarev";
				TargetAttributes = {
					331EC644250BB9470084E89C = {
						CreatedOnToolsVersion = 11.7;
						LastSwiftMigration = 1170;
					};
				};
			};
			buildConfigurationList = 331EC640250BB9470084E89C /* Build configuration list for PBXProject "chatterbox" */;
			compatibilityVersion = "Xcode 9.3";
			developmentRegion = en;
			hasScannedForEncodings = 0;
			knownRegions = (
				en,
				Base,
				ru,
			);
			mainGroup = 331EC63C250BB9470084E89C;
			productRefGroup = 331EC646250BB9470084E89C /* Products */;
			projectDirPath = "";
			projectRoot = "";
			targets = (
				331EC644250BB9470084E89C /* chatterbox */,
			);
		};
/* End PBXProject section */

/* Begin PBXResourcesBuildPhase section */
		331EC643250BB9470084E89C /* Resources */ = {
			isa = PBXResourcesBuildPhase;
			buildActionMask = 2147483647;
			files = (
				33F45EFB25187AEC0018F1E4 /* Roboto-Regular.ttf in Resources */,
				3309F7872517CA52004C6015 /* Localizable.strings in Resources */,
				331EC664250BC13A0084E89C /* .swiftlint.yml in Resources */,
				331EC65F250BBDB30084E89C /* .gitignore in Resources */,
				331EC655250BB94B0084E89C /* LaunchScreen.storyboard in Resources */,
				339B6900250D024000578B7E /* Assets.xcassets in Resources */,
				334AF3502539F20C001A666B /* GoogleService-Info.plist in Resources */,
			);
			runOnlyForDeploymentPostprocessing = 0;
		};
/* End PBXResourcesBuildPhase section */

/* Begin PBXShellScriptBuildPhase section */
		331EC662250BC0980084E89C /* ShellScript */ = {
			isa = PBXShellScriptBuildPhase;
			buildActionMask = 2147483647;
			files = (
			);
			inputFileListPaths = (
			);
			inputPaths = (
			);
			outputFileListPaths = (
			);
			outputPaths = (
			);
			runOnlyForDeploymentPostprocessing = 0;
			shellPath = /bin/sh;
			shellScript = "\"${PODS_ROOT}/SwiftLint/swiftlint\"\n";
		};
		752186997A12CD8256BC7B31 /* [CP] Embed Pods Frameworks */ = {
			isa = PBXShellScriptBuildPhase;
			buildActionMask = 2147483647;
			files = (
			);
			inputFileListPaths = (
				"${PODS_ROOT}/Target Support Files/Pods-chatterbox/Pods-chatterbox-frameworks-${CONFIGURATION}-input-files.xcfilelist",
			);
			name = "[CP] Embed Pods Frameworks";
			outputFileListPaths = (
				"${PODS_ROOT}/Target Support Files/Pods-chatterbox/Pods-chatterbox-frameworks-${CONFIGURATION}-output-files.xcfilelist",
			);
			runOnlyForDeploymentPostprocessing = 0;
			shellPath = /bin/sh;
			shellScript = "\"${PODS_ROOT}/Target Support Files/Pods-chatterbox/Pods-chatterbox-frameworks.sh\"\n";
			showEnvVarsInLog = 0;
		};
		E63898B1758128B9B1AC768F /* [CP] Check Pods Manifest.lock */ = {
			isa = PBXShellScriptBuildPhase;
			buildActionMask = 2147483647;
			files = (
			);
			inputFileListPaths = (
			);
			inputPaths = (
				"${PODS_PODFILE_DIR_PATH}/Podfile.lock",
				"${PODS_ROOT}/Manifest.lock",
			);
			name = "[CP] Check Pods Manifest.lock";
			outputFileListPaths = (
			);
			outputPaths = (
				"$(DERIVED_FILE_DIR)/Pods-chatterbox-checkManifestLockResult.txt",
			);
			runOnlyForDeploymentPostprocessing = 0;
			shellPath = /bin/sh;
			shellScript = "diff \"${PODS_PODFILE_DIR_PATH}/Podfile.lock\" \"${PODS_ROOT}/Manifest.lock\" > /dev/null\nif [ $? != 0 ] ; then\n    # print error to STDERR\n    echo \"error: The sandbox is not in sync with the Podfile.lock. Run 'pod install' or update your CocoaPods installation.\" >&2\n    exit 1\nfi\n# This output is used by Xcode 'outputs' to avoid re-running this script phase.\necho \"SUCCESS\" > \"${SCRIPT_OUTPUT_FILE_0}\"\n";
			showEnvVarsInLog = 0;
		};
/* End PBXShellScriptBuildPhase section */

/* Begin PBXSourcesBuildPhase section */
		331EC641250BB9470084E89C /* Sources */ = {
			isa = PBXSourcesBuildPhase;
			buildActionMask = 2147483647;
			files = (
				33265576251F694A00C16D5E /* UserModel.swift in Sources */,
				333AB13925487A5500F99ADB /* InputBarView.swift in Sources */,
				3324CE002555777800AC89E0 /* ConversationsListViewControllerDelegates.swift in Sources */,
				33EDF6FB2545829400C1660B /* Chat.xcdatamodeld in Sources */,
				33E9B3452533488A0061CABC /* UserDataProtocol.swift in Sources */,
				335FA512255573E70021457E /* RootAssembly.swift in Sources */,
				33E9F8322515069D005A6EB8 /* ProfileViewController.swift in Sources */,
				3373ED8525276830001EDE7E /* ThemesService.swift in Sources */,
				331F7D612520AD07005E7666 /* MessageCellModel.swift in Sources */,
				3302E123252714C700BF8EEE /* ThemesView.swift in Sources */,
				3326556E251F63AA00C16D5E /* ConversationsListView.swift in Sources */,
				330EFE05253A0DFB0025BF39 /* MessageModel.swift in Sources */,
				3326556A251F5B1F00C16D5E /* ConversationCellModel.swift in Sources */,
				3324CE0D25557A3E00AC89E0 /* PresentationAssembly.swift in Sources */,
				3324CE032555785900AC89E0 /* ConversationViewControllerDelegates.swift in Sources */,
				33E9B34B253353D40061CABC /* UIViewController.swift in Sources */,
				3326559E2520A40400C16D5E /* OutgoingMessageTableViewCell.swift in Sources */,
				33E9B3422533483C0061CABC /* GCDUserDataService.swift in Sources */,
				33E9B35625336B920061CABC /* Result.swift in Sources */,
				33E9F84025152BF0005A6EB8 /* AccessCheckerService.swift in Sources */,
				3326557E251F775300C16D5E /* UIImage.swift in Sources */,
				337DC2582545861400FB49C8 /* CoreDataStack.swift in Sources */,
				33EA446F251E016600DA3401 /* LoggerService.swift in Sources */,
				331273222555815300CC201B /* AccessResult.swift in Sources */,
				332655982520A2CB00C16D5E /* ConversationView.swift in Sources */,
				33873128254C1F65000C14D2 /* NilsLastSortDescriptor.swift in Sources */,
				335E8B4C2517B045005B11EC /* ProfileView.swift in Sources */,
				33265581251F866900C16D5E /* UIBarButtonItem.swift in Sources */,
				3324CE0A25557A0C00AC89E0 /* CoreAssembly.swift in Sources */,
				3373ED7B25273D92001EDE7E /* ThemeModel.swift in Sources */,
				337DC25C2545958900FB49C8 /* CoreDataService.swift in Sources */,
				33265572251F660800C16D5E /* Images.swift in Sources */,
				3302E1202527149F00BF8EEE /* ThemesViewController.swift in Sources */,
				3373ED8225275D4D001EDE7E /* UIColor.swift in Sources */,
				335DDC8C2534A28C00004193 /* UserDataService.swift in Sources */,
				330EFDFE253A0BB20025BF39 /* ChannelModel.swift in Sources */,
				3326559B2520A3ED00C16D5E /* IncomingMessageTableViewCell.swift in Sources */,
				3302E1272527168E00BF8EEE /* ThemeButton.swift in Sources */,
				332655932520A27E00C16D5E /* ConversationViewController.swift in Sources */,
				33B08EB725558B43009CAB56 /* FileManager.swift in Sources */,
				331EC649250BB9470084E89C /* AppDelegate.swift in Sources */,
				3324CE06255579F800AC89E0 /* ServicesAssembly.swift in Sources */,
				33EA4467251E011400DA3401 /* ConversationsListViewController.swift in Sources */,
				330EFE02253A0CE00025BF39 /* FirebaseManager.swift in Sources */,
				33F4648C252324E300ACA297 /* UIView.swift in Sources */,
				33265565251F5A8600C16D5E /* ConfigurableView.swift in Sources */,
				33E9B34825334BCD0061CABC /* SaveButton.swift in Sources */,
				33B08EB02555848D009CAB56 /* FirebaseService.swift in Sources */,
				33C1A1DD2516134200531116 /* UIAlertController.swift in Sources */,
				337DC25A2545927E00FB49C8 /* ObjectsExtensions.swift in Sources */,
				33265561251F576700C16D5E /* Identifiers.swift in Sources */,
				3326555D251F570F00C16D5E /* ConversationTableViewCell.swift in Sources */,
				335DDC902534C10200004193 /* OperationUserDataService.swift in Sources */,
			);
			runOnlyForDeploymentPostprocessing = 0;
		};
/* End PBXSourcesBuildPhase section */

/* Begin PBXVariantGroup section */
		3309F7892517CA52004C6015 /* Localizable.strings */ = {
			isa = PBXVariantGroup;
			children = (
				3309F7882517CA52004C6015 /* en */,
				3309F78C2517CA70004C6015 /* ru */,
			);
			name = Localizable.strings;
			sourceTree = "<group>";
		};
		331EC653250BB94B0084E89C /* LaunchScreen.storyboard */ = {
			isa = PBXVariantGroup;
			children = (
				331EC654250BB94B0084E89C /* Base */,
			);
			name = LaunchScreen.storyboard;
			sourceTree = "<group>";
		};
/* End PBXVariantGroup section */

/* Begin XCBuildConfiguration section */
		331EC657250BB94B0084E89C /* Debug */ = {
			isa = XCBuildConfiguration;
			buildSettings = {
				ALWAYS_SEARCH_USER_PATHS = NO;
				CLANG_ANALYZER_LOCALIZABILITY_NONLOCALIZED = YES;
				CLANG_ANALYZER_NONNULL = YES;
				CLANG_ANALYZER_NUMBER_OBJECT_CONVERSION = YES_AGGRESSIVE;
				CLANG_CXX_LANGUAGE_STANDARD = "gnu++14";
				CLANG_CXX_LIBRARY = "libc++";
				CLANG_ENABLE_MODULES = YES;
				CLANG_ENABLE_OBJC_ARC = YES;
				CLANG_ENABLE_OBJC_WEAK = YES;
				CLANG_WARN_BLOCK_CAPTURE_AUTORELEASING = YES;
				CLANG_WARN_BOOL_CONVERSION = YES;
				CLANG_WARN_COMMA = YES;
				CLANG_WARN_CONSTANT_CONVERSION = YES;
				CLANG_WARN_DEPRECATED_OBJC_IMPLEMENTATIONS = YES;
				CLANG_WARN_DIRECT_OBJC_ISA_USAGE = YES_ERROR;
				CLANG_WARN_DOCUMENTATION_COMMENTS = YES;
				CLANG_WARN_EMPTY_BODY = YES;
				CLANG_WARN_ENUM_CONVERSION = YES;
				CLANG_WARN_INFINITE_RECURSION = YES;
				CLANG_WARN_INT_CONVERSION = YES;
				CLANG_WARN_NON_LITERAL_NULL_CONVERSION = YES;
				CLANG_WARN_OBJC_IMPLICIT_RETAIN_SELF = YES;
				CLANG_WARN_OBJC_LITERAL_CONVERSION = YES;
				CLANG_WARN_OBJC_ROOT_CLASS = YES_ERROR;
				CLANG_WARN_QUOTED_INCLUDE_IN_FRAMEWORK_HEADER = YES;
				CLANG_WARN_RANGE_LOOP_ANALYSIS = YES;
				CLANG_WARN_STRICT_PROTOTYPES = YES;
				CLANG_WARN_SUSPICIOUS_MOVE = YES;
				CLANG_WARN_UNGUARDED_AVAILABILITY = YES_AGGRESSIVE;
				CLANG_WARN_UNREACHABLE_CODE = YES;
				CLANG_WARN__DUPLICATE_METHOD_MATCH = YES;
				COPY_PHASE_STRIP = NO;
				DEBUG_INFORMATION_FORMAT = dwarf;
				ENABLE_STRICT_OBJC_MSGSEND = YES;
				ENABLE_TESTABILITY = YES;
				GCC_C_LANGUAGE_STANDARD = gnu11;
				GCC_DYNAMIC_NO_PIC = NO;
				GCC_NO_COMMON_BLOCKS = YES;
				GCC_OPTIMIZATION_LEVEL = 0;
				GCC_PREPROCESSOR_DEFINITIONS = (
					"DEBUG=1",
					"$(inherited)",
				);
				GCC_WARN_64_TO_32_BIT_CONVERSION = YES;
				GCC_WARN_ABOUT_RETURN_TYPE = YES_ERROR;
				GCC_WARN_UNDECLARED_SELECTOR = YES;
				GCC_WARN_UNINITIALIZED_AUTOS = YES_AGGRESSIVE;
				GCC_WARN_UNUSED_FUNCTION = YES;
				GCC_WARN_UNUSED_VARIABLE = YES;
				IPHONEOS_DEPLOYMENT_TARGET = 12.0;
				MTL_ENABLE_DEBUG_INFO = INCLUDE_SOURCE;
				MTL_FAST_MATH = YES;
				ONLY_ACTIVE_ARCH = YES;
				SDKROOT = iphoneos;
				SWIFT_ACTIVE_COMPILATION_CONDITIONS = DEBUG;
				SWIFT_OPTIMIZATION_LEVEL = "-Onone";
			};
			name = Debug;
		};
		331EC658250BB94B0084E89C /* Release */ = {
			isa = XCBuildConfiguration;
			buildSettings = {
				ALWAYS_SEARCH_USER_PATHS = NO;
				CLANG_ANALYZER_LOCALIZABILITY_NONLOCALIZED = YES;
				CLANG_ANALYZER_NONNULL = YES;
				CLANG_ANALYZER_NUMBER_OBJECT_CONVERSION = YES_AGGRESSIVE;
				CLANG_CXX_LANGUAGE_STANDARD = "gnu++14";
				CLANG_CXX_LIBRARY = "libc++";
				CLANG_ENABLE_MODULES = YES;
				CLANG_ENABLE_OBJC_ARC = YES;
				CLANG_ENABLE_OBJC_WEAK = YES;
				CLANG_WARN_BLOCK_CAPTURE_AUTORELEASING = YES;
				CLANG_WARN_BOOL_CONVERSION = YES;
				CLANG_WARN_COMMA = YES;
				CLANG_WARN_CONSTANT_CONVERSION = YES;
				CLANG_WARN_DEPRECATED_OBJC_IMPLEMENTATIONS = YES;
				CLANG_WARN_DIRECT_OBJC_ISA_USAGE = YES_ERROR;
				CLANG_WARN_DOCUMENTATION_COMMENTS = YES;
				CLANG_WARN_EMPTY_BODY = YES;
				CLANG_WARN_ENUM_CONVERSION = YES;
				CLANG_WARN_INFINITE_RECURSION = YES;
				CLANG_WARN_INT_CONVERSION = YES;
				CLANG_WARN_NON_LITERAL_NULL_CONVERSION = YES;
				CLANG_WARN_OBJC_IMPLICIT_RETAIN_SELF = YES;
				CLANG_WARN_OBJC_LITERAL_CONVERSION = YES;
				CLANG_WARN_OBJC_ROOT_CLASS = YES_ERROR;
				CLANG_WARN_QUOTED_INCLUDE_IN_FRAMEWORK_HEADER = YES;
				CLANG_WARN_RANGE_LOOP_ANALYSIS = YES;
				CLANG_WARN_STRICT_PROTOTYPES = YES;
				CLANG_WARN_SUSPICIOUS_MOVE = YES;
				CLANG_WARN_UNGUARDED_AVAILABILITY = YES_AGGRESSIVE;
				CLANG_WARN_UNREACHABLE_CODE = YES;
				CLANG_WARN__DUPLICATE_METHOD_MATCH = YES;
				COPY_PHASE_STRIP = NO;
				DEBUG_INFORMATION_FORMAT = "dwarf-with-dsym";
				ENABLE_NS_ASSERTIONS = NO;
				ENABLE_STRICT_OBJC_MSGSEND = YES;
				GCC_C_LANGUAGE_STANDARD = gnu11;
				GCC_NO_COMMON_BLOCKS = YES;
				GCC_WARN_64_TO_32_BIT_CONVERSION = YES;
				GCC_WARN_ABOUT_RETURN_TYPE = YES_ERROR;
				GCC_WARN_UNDECLARED_SELECTOR = YES;
				GCC_WARN_UNINITIALIZED_AUTOS = YES_AGGRESSIVE;
				GCC_WARN_UNUSED_FUNCTION = YES;
				GCC_WARN_UNUSED_VARIABLE = YES;
				IPHONEOS_DEPLOYMENT_TARGET = 12.0;
				MTL_ENABLE_DEBUG_INFO = NO;
				MTL_FAST_MATH = YES;
				SDKROOT = iphoneos;
				SWIFT_COMPILATION_MODE = wholemodule;
				SWIFT_OPTIMIZATION_LEVEL = "-O";
				VALIDATE_PRODUCT = YES;
			};
			name = Release;
		};
		331EC65A250BB94B0084E89C /* Debug */ = {
			isa = XCBuildConfiguration;
			baseConfigurationReference = 322273BCF0DE40F0D8889461 /* Pods-chatterbox.debug.xcconfig */;
			buildSettings = {
				ASSETCATALOG_COMPILER_APPICON_NAME = AppIcon;
				CLANG_ENABLE_MODULES = YES;
				CODE_SIGN_STYLE = Automatic;
				DEVELOPMENT_TEAM = AQL4937GS7;
				INFOPLIST_FILE = "chatterbox/Supporting files/Info.plist";
				IPHONEOS_DEPLOYMENT_TARGET = 12.0;
				LD_RUNPATH_SEARCH_PATHS = (
					"$(inherited)",
					"@executable_path/Frameworks",
				);
				PRODUCT_BUNDLE_IDENTIFIER = ru.tinkoff.TinkoffChat;
				PRODUCT_NAME = "$(TARGET_NAME)";
				SWIFT_OPTIMIZATION_LEVEL = "-Onone";
				SWIFT_VERSION = 5.0;
				TARGETED_DEVICE_FAMILY = 1;
			};
			name = Debug;
		};
		331EC65B250BB94B0084E89C /* Release */ = {
			isa = XCBuildConfiguration;
			baseConfigurationReference = 9D2F2229F47041E821CB446B /* Pods-chatterbox.release.xcconfig */;
			buildSettings = {
				ASSETCATALOG_COMPILER_APPICON_NAME = AppIcon;
				CLANG_ENABLE_MODULES = YES;
				CODE_SIGN_STYLE = Automatic;
				DEVELOPMENT_TEAM = AQL4937GS7;
				INFOPLIST_FILE = "chatterbox/Supporting files/Info.plist";
				IPHONEOS_DEPLOYMENT_TARGET = 12.0;
				LD_RUNPATH_SEARCH_PATHS = (
					"$(inherited)",
					"@executable_path/Frameworks",
				);
				PRODUCT_BUNDLE_IDENTIFIER = ru.tinkoff.TinkoffChat;
				PRODUCT_NAME = "$(TARGET_NAME)";
				SWIFT_VERSION = 5.0;
				TARGETED_DEVICE_FAMILY = 1;
			};
			name = Release;
		};
/* End XCBuildConfiguration section */

/* Begin XCConfigurationList section */
		331EC640250BB9470084E89C /* Build configuration list for PBXProject "chatterbox" */ = {
			isa = XCConfigurationList;
			buildConfigurations = (
				331EC657250BB94B0084E89C /* Debug */,
				331EC658250BB94B0084E89C /* Release */,
			);
			defaultConfigurationIsVisible = 0;
			defaultConfigurationName = Release;
		};
		331EC659250BB94B0084E89C /* Build configuration list for PBXNativeTarget "chatterbox" */ = {
			isa = XCConfigurationList;
			buildConfigurations = (
				331EC65A250BB94B0084E89C /* Debug */,
				331EC65B250BB94B0084E89C /* Release */,
			);
			defaultConfigurationIsVisible = 0;
			defaultConfigurationName = Release;
		};
/* End XCConfigurationList section */

/* Begin XCVersionGroup section */
		33EDF6F92545829400C1660B /* Chat.xcdatamodeld */ = {
			isa = XCVersionGroup;
			children = (
				33EDF6FA2545829400C1660B /* Chat.xcdatamodel */,
			);
			currentVersion = 33EDF6FA2545829400C1660B /* Chat.xcdatamodel */;
			path = Chat.xcdatamodeld;
			sourceTree = "<group>";
			versionGroupType = wrapper.xcdatamodel;
		};
/* End XCVersionGroup section */
	};
	rootObject = 331EC63D250BB9470084E89C /* Project object */;
}
